<?xml version="1.0" encoding="utf-8"?>
<Project ToolsVersion="4.0" xmlns="http://schemas.microsoft.com/developer/msbuild/2003">
  <ItemGroup>
    <ClCompile Include="main.cpp" />
    <ClCompile Include="shader.cpp" />
    <ClCompile Include="ModelLoading\texture.cpp" />
    <ClCompile Include="Camera\camera.cpp" />
  </ItemGroup>
  <ItemGroup>
    <None Include="SimpleFragmentShader.fragmentshader" />
    <None Include="SimpleVertexShader.vertexshader" />
  </ItemGroup>
  <ItemGroup>
    <ClInclude Include="ModelLoading\texture.h" />
    <ClInclude Include="Camera\camera.h" />
  </ItemGroup>
</Project>